# This file is automatically @generated by Cargo.
# It is not intended for manual editing.
[[package]]
name = "cc"
version = "1.0.58"
source = "registry+https://github.com/rust-lang/crates.io-index"
checksum = "f9a06fb2e53271d7c279ec1efea6ab691c35a2ae67ec0d91d7acec0caf13b518"

[[package]]
name = "clientworker"
version = "0.1.0"
dependencies = [
 "mimalloc",
]

[[package]]
name = "cmake"
version = "0.1.44"
source = "registry+https://github.com/rust-lang/crates.io-index"
checksum = "0e56268c17a6248366d66d4a47a3381369d068cce8409bb1716ed77ea32163bb"
dependencies = [
 "cc",
]

[[package]]
name = "libmimalloc-sys"
version = "0.1.15"
source = "registry+https://github.com/rust-lang/crates.io-index"
checksum = "a27252ec1d0c4e0dd6142cbc572da50b363ab56fc334f7aa8fadf295b2e24e74"
dependencies = [
 "cmake",
]

[[package]]
name = "mimalloc"
version = "0.1.19"
source = "registry+https://github.com/rust-lang/crates.io-index"
checksum = "6c52de2069999f01bd26436564dbe7de3a87898feeb7a0d0ff9eb20a05bb7ca0"
dependencies = [
 "libmimalloc-sys",
]
